
Microsoft Visual Studio Solution File, Format Version 12.00
# Visual Studio Version 17
VisualStudioVersion = 17.11.35312.102
MinimumVisualStudioVersion = 10.0.40219.1
Project("{9A19103F-16F7-4668-BE54-9A1E7A4F7556}") = "ExerciciT2", "ExerciciT2.csproj", "{770466E4-6693-49BD-8667-E5202E91E8B1}"
EndProject
Project("{9A19103F-16F7-4668-BE54-9A1E7A4F7556}") = "LibreriaActivitatsC#SergiAlbalat", "..\LibreriaActivitatsC#SergiAlbalat\LibreriaActivitatsC#SergiAlbalat.csproj", "{C11DCDFF-3BB6-463E-80D0-3B51A100C440}"
EndProject
Global
	GlobalSection(SolutionConfigurationPlatforms) = preSolution
		Debug|Any CPU = Debug|Any CPU
		Release|Any CPU = Release|Any CPU
	EndGlobalSection
	GlobalSection(ProjectConfigurationPlatforms) = postSolution
		{770466E4-6693-49BD-8667-E5202E91E8B1}.Debug|Any CPU.ActiveCfg = Debug|Any CPU
		{770466E4-6693-49BD-8667-E5202E91E8B1}.Debug|Any CPU.Build.0 = Debug|Any CPU
		{770466E4-6693-49BD-8667-E5202E91E8B1}.Release|Any CPU.ActiveCfg = Release|Any CPU
		{770466E4-6693-49BD-8667-E5202E91E8B1}.Release|Any CPU.Build.0 = Release|Any CPU
		{C11DCDFF-3BB6-463E-80D0-3B51A100C440}.Debug|Any CPU.ActiveCfg = Debug|Any CPU
		{C11DCDFF-3BB6-463E-80D0-3B51A100C440}.Debug|Any CPU.Build.0 = Debug|Any CPU
		{C11DCDFF-3BB6-463E-80D0-3B51A100C440}.Release|Any CPU.ActiveCfg = Release|Any CPU
		{C11DCDFF-3BB6-463E-80D0-3B51A100C440}.Release|Any CPU.Build.0 = Release|Any CPU
	EndGlobalSection
	GlobalSection(SolutionProperties) = preSolution
		HideSolutionNode = FALSE
	EndGlobalSection
	GlobalSection(ExtensibilityGlobals) = postSolution
		SolutionGuid = {FB0CF5C2-5EF6-44C2-B260-48BF6E870258}
	EndGlobalSection
EndGlobal
